// !$*UTF8*$!
{
	archiveVersion = 1;
	classes = {
	};
	objectVersion = 46;
	objects = {

/* Begin PBXBuildFile section */
		3293E5B31ACB6EAE00165262 /* RecordAudio.swift in Sources */ = {isa = PBXBuildFile; fileRef = 3293E5B21ACB6EAE00165262 /* RecordAudio.swift */; };
		76560B5C1ABCDDDF009C6BFB /* AppDelegate.swift in Sources */ = {isa = PBXBuildFile; fileRef = 76560B5B1ABCDDDF009C6BFB /* AppDelegate.swift */; };
		76560B5E1ABCDDDF009C6BFB /* RecordSoundsViewController.swift in Sources */ = {isa = PBXBuildFile; fileRef = 76560B5D1ABCDDDF009C6BFB /* RecordSoundsViewController.swift */; };
		76560B611ABCDDDF009C6BFB /* Main.storyboard in Resources */ = {isa = PBXBuildFile; fileRef = 76560B5F1ABCDDDF009C6BFB /* Main.storyboard */; };
		76560B631ABCDDDF009C6BFB /* Images.xcassets in Resources */ = {isa = PBXBuildFile; fileRef = 76560B621ABCDDDF009C6BFB /* Images.xcassets */; };
		76560B661ABCDDDF009C6BFB /* LaunchScreen.xib in Resources */ = {isa = PBXBuildFile; fileRef = 76560B641ABCDDDF009C6BFB /* LaunchScreen.xib */; };
		76560B721ABCDDDF009C6BFB /* Pitch_PerfectTests.swift in Sources */ = {isa = PBXBuildFile; fileRef = 76560B711ABCDDDF009C6BFB /* Pitch_PerfectTests.swift */; };
		76560B7C1ABCE505009C6BFB /* PlaySoundsViewController.swift in Sources */ = {isa = PBXBuildFile; fileRef = 76560B7B1ABCE505009C6BFB /* PlaySoundsViewController.swift */; };
		76560B7E1ABCE83E009C6BFB /* movie_quote.mp3 in Resources */ = {isa = PBXBuildFile; fileRef = 76560B7D1ABCE83E009C6BFB /* movie_quote.mp3 */; };
/* End PBXBuildFile section */

/* Begin PBXContainerItemProxy section */
		76560B6C1ABCDDDF009C6BFB /* PBXContainerItemProxy */ = {
			isa = PBXContainerItemProxy;
			containerPortal = 76560B4E1ABCDDDF009C6BFB /* Project object */;
			proxyType = 1;
			remoteGlobalIDString = 76560B551ABCDDDF009C6BFB;
			remoteInfo = "Pitch Perfect";
		};
/* End PBXContainerItemProxy section */

/* Begin PBXFileReference section */
		3293E5B21ACB6EAE00165262 /* RecordAudio.swift */ = {isa = PBXFileReference; fileEncoding = 4; lastKnownFileType = sourcecode.swift; path = RecordAudio.swift; sourceTree = "<group>"; };
		76560B561ABCDDDF009C6BFB /* Pitch Perfect.app */ = {isa = PBXFileReference; explicitFileType = wrapper.application; includeInIndex = 0; path = "Pitch Perfect.app"; sourceTree = BUILT_PRODUCTS_DIR; };
		76560B5A1ABCDDDF009C6BFB /* Info.plist */ = {isa = PBXFileReference; lastKnownFileType = text.plist.xml; path = Info.plist; sourceTree = "<group>"; };
		76560B5B1ABCDDDF009C6BFB /* AppDelegate.swift */ = {isa = PBXFileReference; lastKnownFileType = sourcecode.swift; path = AppDelegate.swift; sourceTree = "<group>"; };
		76560B5D1ABCDDDF009C6BFB /* RecordSoundsViewController.swift */ = {isa = PBXFileReference; lastKnownFileType = sourcecode.swift; path = RecordSoundsViewController.swift; sourceTree = "<group>"; };
		76560B601ABCDDDF009C6BFB /* Base */ = {isa = PBXFileReference; lastKnownFileType = file.storyboard; name = Base; path = Base.lproj/Main.storyboard; sourceTree = "<group>"; };
		76560B621ABCDDDF009C6BFB /* Images.xcassets */ = {isa = PBXFileReference; lastKnownFileType = folder.assetcatalog; path = Images.xcassets; sourceTree = "<group>"; };
		76560B651ABCDDDF009C6BFB /* Base */ = {isa = PBXFileReference; lastKnownFileType = file.xib; name = Base; path = Base.lproj/LaunchScreen.xib; sourceTree = "<group>"; };
		76560B6B1ABCDDDF009C6BFB /* Pitch PerfectTests.xctest */ = {isa = PBXFileReference; explicitFileType = wrapper.cfbundle; includeInIndex = 0; path = "Pitch PerfectTests.xctest"; sourceTree = BUILT_PRODUCTS_DIR; };
		76560B701ABCDDDF009C6BFB /* Info.plist */ = {isa = PBXFileReference; lastKnownFileType = text.plist.xml; path = Info.plist; sourceTree = "<group>"; };
		76560B711ABCDDDF009C6BFB /* Pitch_PerfectTests.swift */ = {isa = PBXFileReference; lastKnownFileType = sourcecode.swift; path = Pitch_PerfectTests.swift; sourceTree = "<group>"; };
		76560B7B1ABCE505009C6BFB /* PlaySoundsViewController.swift */ = {isa = PBXFileReference; fileEncoding = 4; lastKnownFileType = sourcecode.swift; path = PlaySoundsViewController.swift; sourceTree = "<group>"; };
		76560B7D1ABCE83E009C6BFB /* movie_quote.mp3 */ = {isa = PBXFileReference; lastKnownFileType = audio.mp3; path = movie_quote.mp3; sourceTree = "<group>"; };
/* End PBXFileReference section */

/* Begin PBXFrameworksBuildPhase section */
		76560B531ABCDDDF009C6BFB /* Frameworks */ = {
			isa = PBXFrameworksBuildPhase;
			buildActionMask = 2147483647;
			files = (
			);
			runOnlyForDeploymentPostprocessing = 0;
		};
		76560B681ABCDDDF009C6BFB /* Frameworks */ = {
			isa = PBXFrameworksBuildPhase;
			buildActionMask = 2147483647;
			files = (
			);
			runOnlyForDeploymentPostprocessing = 0;
		};
/* End PBXFrameworksBuildPhase section */

/* Begin PBXGroup section */
		76560B4D1ABCDDDF009C6BFB = {
			isa = PBXGroup;
			children = (
				76560B581ABCDDDF009C6BFB /* Pitch Perfect */,
				76560B6E1ABCDDDF009C6BFB /* Pitch PerfectTests */,
				76560B571ABCDDDF009C6BFB /* Products */,
			);
			sourceTree = "<group>";
		};
		76560B571ABCDDDF009C6BFB /* Products */ = {
			isa = PBXGroup;
			children = (
				76560B561ABCDDDF009C6BFB /* Pitch Perfect.app */,
				76560B6B1ABCDDDF009C6BFB /* Pitch PerfectTests.xctest */,
			);
			name = Products;
			sourceTree = "<group>";
		};
		76560B581ABCDDDF009C6BFB /* Pitch Perfect */ = {
			isa = PBXGroup;
			children = (
				76560B5B1ABCDDDF009C6BFB /* AppDelegate.swift */,
				76560B5D1ABCDDDF009C6BFB /* RecordSoundsViewController.swift */,
				76560B5F1ABCDDDF009C6BFB /* Main.storyboard */,
				3293E5B21ACB6EAE00165262 /* RecordAudio.swift */,
				76560B7B1ABCE505009C6BFB /* PlaySoundsViewController.swift */,
				76560B621ABCDDDF009C6BFB /* Images.xcassets */,
				76560B641ABCDDDF009C6BFB /* LaunchScreen.xib */,
				76560B591ABCDDDF009C6BFB /* Supporting Files */,
			);
			path = "Pitch Perfect";
			sourceTree = "<group>";
		};
		76560B591ABCDDDF009C6BFB /* Supporting Files */ = {
			isa = PBXGroup;
			children = (
				76560B7D1ABCE83E009C6BFB /* movie_quote.mp3 */,
				76560B5A1ABCDDDF009C6BFB /* Info.plist */,
			);
			name = "Supporting Files";
			sourceTree = "<group>";
		};
		76560B6E1ABCDDDF009C6BFB /* Pitch PerfectTests */ = {
			isa = PBXGroup;
			children = (
				76560B711ABCDDDF009C6BFB /* Pitch_PerfectTests.swift */,
				76560B6F1ABCDDDF009C6BFB /* Supporting Files */,
			);
			path = "Pitch PerfectTests";
			sourceTree = "<group>";
		};
		76560B6F1ABCDDDF009C6BFB /* Supporting Files */ = {
			isa = PBXGroup;
			children = (
				76560B701ABCDDDF009C6BFB /* Info.plist */,
			);
			name = "Supporting Files";
			sourceTree = "<group>";
		};
/* End PBXGroup section */

/* Begin PBXNativeTarget section */
		76560B551ABCDDDF009C6BFB /* Pitch Perfect */ = {
			isa = PBXNativeTarget;
			buildConfigurationList = 76560B751ABCDDDF009C6BFB /* Build configuration list for PBXNativeTarget "Pitch Perfect" */;
			buildPhases = (
				76560B521ABCDDDF009C6BFB /* Sources */,
				76560B531ABCDDDF009C6BFB /* Frameworks */,
				76560B541ABCDDDF009C6BFB /* Resources */,
			);
			buildRules = (
			);
			dependencies = (
			);
			name = "Pitch Perfect";
			productName = "Pitch Perfect";
			productReference = 76560B561ABCDDDF009C6BFB /* Pitch Perfect.app */;
			productType = "com.apple.product-type.application";
		};
		76560B6A1ABCDDDF009C6BFB /* Pitch PerfectTests */ = {
			isa = PBXNativeTarget;
			buildConfigurationList = 76560B781ABCDDDF009C6BFB /* Build configuration list for PBXNativeTarget "Pitch PerfectTests" */;
			buildPhases = (
				76560B671ABCDDDF009C6BFB /* Sources */,
				76560B681ABCDDDF009C6BFB /* Frameworks */,
				76560B691ABCDDDF009C6BFB /* Resources */,
			);
			buildRules = (
			);
			dependencies = (
				76560B6D1ABCDDDF009C6BFB /* PBXTargetDependency */,
			);
			name = "Pitch PerfectTests";
			productName = "Pitch PerfectTests";
			productReference = 76560B6B1ABCDDDF009C6BFB /* Pitch PerfectTests.xctest */;
			productType = "com.apple.product-type.bundle.unit-test";
		};
/* End PBXNativeTarget section */

/* Begin PBXProject section */
		76560B4E1ABCDDDF009C6BFB /* Project object */ = {
			isa = PBXProject;
			attributes = {
				LastUpgradeCheck = 0620;
				ORGANIZATIONNAME = "Venus Rita";
				TargetAttributes = {
					76560B551ABCDDDF009C6BFB = {
						CreatedOnToolsVersion = 6.2;
						DevelopmentTeam = D297NM8CR6;
					};
					76560B6A1ABCDDDF009C6BFB = {
						CreatedOnToolsVersion = 6.2;
						TestTargetID = 76560B551ABCDDDF009C6BFB;
					};
				};
			};
			buildConfigurationList = 76560B511ABCDDDF009C6BFB /* Build configuration list for PBXProject "Pitch Perfect" */;
			compatibilityVersion = "Xcode 3.2";
			developmentRegion = English;
			hasScannedForEncodings = 0;
			knownRegions = (
				en,
				Base,
			);
			mainGroup = 76560B4D1ABCDDDF009C6BFB;
			productRefGroup = 76560B571ABCDDDF009C6BFB /* Products */;
			projectDirPath = "";
			projectRoot = "";
			targets = (
				76560B551ABCDDDF009C6BFB /* Pitch Perfect */,
				76560B6A1ABCDDDF009C6BFB /* Pitch PerfectTests */,
			);
		};
/* End PBXProject section */

/* Begin PBXResourcesBuildPhase section */
		76560B541ABCDDDF009C6BFB /* Resources */ = {
			isa = PBXResourcesBuildPhase;
			buildActionMask = 2147483647;
			files = (
				76560B611ABCDDDF009C6BFB /* Main.storyboard in Resources */,
				76560B661ABCDDDF009C6BFB /* LaunchScreen.xib in Resources */,
				76560B7E1ABCE83E009C6BFB /* movie_quote.mp3 in Resources */,
				76560B631ABCDDDF009C6BFB /* Images.xcassets in Resources */,
			);
			runOnlyForDeploymentPostprocessing = 0;
		};
		76560B691ABCDDDF009C6BFB /* Resources */ = {
			isa = PBXResourcesBuildPhase;
			buildActionMask = 2147483647;
			files = (
			);
			runOnlyForDeploymentPostprocessing = 0;
		};
/* End PBXResourcesBuildPhase section */

/* Begin PBXSourcesBuildPhase section */
		76560B521ABCDDDF009C6BFB /* Sources */ = {
			isa = PBXSourcesBuildPhase;
			buildActionMask = 2147483647;
			files = (
				76560B5E1ABCDDDF009C6BFB /* RecordSoundsViewController.swift in Sources */,
				3293E5B31ACB6EAE00165262 /* RecordAudio.swift in Sources */,
				76560B7C1ABCE505009C6BFB /* PlaySoundsViewController.swift in Sources */,
				76560B5C1ABCDDDF009C6BFB /* AppDelegate.swift in Sources */,
			);
			runOnlyForDeploymentPostprocessing = 0;
		};
		76560B671ABCDDDF009C6BFB /* Sources */ = {
			isa = PBXSourcesBuildPhase;
			buildActionMask = 2147483647;
			files = (
				76560B721ABCDDDF009C6BFB /* Pitch_PerfectTests.swift in Sources */,
			);
			runOnlyForDeploymentPostprocessing = 0;
		};
/* End PBXSourcesBuildPhase section */

/* Begin PBXTargetDependency section */
		76560B6D1ABCDDDF009C6BFB /* PBXTargetDependency */ = {
			isa = PBXTargetDependency;
			target = 76560B551ABCDDDF009C6BFB /* Pitch Perfect */;
			targetProxy = 76560B6C1ABCDDDF009C6BFB /* PBXContainerItemProxy */;
		};
/* End PBXTargetDependency section */

/* Begin PBXVariantGroup section */
		76560B5F1ABCDDDF009C6BFB /* Main.storyboard */ = {
			isa = PBXVariantGroup;
			children = (
				76560B601ABCDDDF009C6BFB /* Base */,
			);
			name = Main.storyboard;
			sourceTree = "<group>";
		};
		76560B641ABCDDDF009C6BFB /* LaunchScreen.xib */ = {
			isa = PBXVariantGroup;
			children = (
				76560B651ABCDDDF009C6BFB /* Base */,
			);
			name = LaunchScreen.xib;
			sourceTree = "<group>";
		};
/* End PBXVariantGroup section */

/* Begin XCBuildConfiguration section */
		76560B731ABCDDDF009C6BFB /* Debug */ = {
			isa = XCBuildConfiguration;
			buildSettings = {
				ALWAYS_SEARCH_USER_PATHS = NO;
				CLANG_CXX_LANGUAGE_STANDARD = "gnu++0x";
				CLANG_CXX_LIBRARY = "libc++";
				CLANG_ENABLE_MODULES = YES;
				CLANG_ENABLE_OBJC_ARC = YES;
				CLANG_WARN_BOOL_CONVERSION = YES;
				CLANG_WARN_CONSTANT_CONVERSION = YES;
				CLANG_WARN_DIRECT_OBJC_ISA_USAGE = YES_ERROR;
				CLANG_WARN_EMPTY_BODY = YES;
				CLANG_WARN_ENUM_CONVERSION = YES;
				CLANG_WARN_INT_CONVERSION = YES;
				CLANG_WARN_OBJC_ROOT_CLASS = YES_ERROR;
				CLANG_WARN_UNREACHABLE_CODE = YES;
				CLANG_WARN__DUPLICATE_METHOD_MATCH = YES;
				"CODE_SIGN_IDENTITY[sdk=iphoneos*]" = "iPhone Developer";
				COPY_PHASE_STRIP = NO;
				ENABLE_STRICT_OBJC_MSGSEND = YES;
				GCC_C_LANGUAGE_STANDARD = gnu99;
				GCC_DYNAMIC_NO_PIC = NO;
				GCC_OPTIMIZATION_LEVEL = 0;
				GCC_PREPROCESSOR_DEFINITIONS = (
					"DEBUG=1",
					"$(inherited)",
				);
				GCC_SYMBOLS_PRIVATE_EXTERN = NO;
				GCC_WARN_64_TO_32_BIT_CONVERSION = YES;
				GCC_WARN_ABOUT_RETURN_TYPE = YES_ERROR;
				GCC_WARN_UNDECLARED_SELECTOR = YES;
				GCC_WARN_UNINITIALIZED_AUTOS = YES_AGGRESSIVE;
				GCC_WARN_UNUSED_FUNCTION = YES;
				GCC_WARN_UNUSED_VARIABLE = YES;
				IPHONEOS_DEPLOYMENT_TARGET = 8.2;
				MTL_ENABLE_DEBUG_INFO = YES;
				ONLY_ACTIVE_ARCH = YES;
				SDKROOT = iphoneos;
				SWIFT_OPTIMIZATION_LEVEL = "-Onone";
			};
			name = Debug;
		};
		76560B741ABCDDDF009C6BFB /* Release */ = {
			isa = XCBuildConfiguration;
			buildSettings = {
				ALWAYS_SEARCH_USER_PATHS = NO;
				CLANG_CXX_LANGUAGE_STANDARD = "gnu++0x";
				CLANG_CXX_LIBRARY = "libc++";
				CLANG_ENABLE_MODULES = YES;
				CLANG_ENABLE_OBJC_ARC = YES;
				CLANG_WARN_BOOL_CONVERSION = YES;
				CLANG_WARN_CONSTANT_CONVERSION = YES;
				CLANG_WARN_DIRECT_OBJC_ISA_USAGE = YES_ERROR;
				CLANG_WARN_EMPTY_BODY = YES;
				CLANG_WARN_ENUM_CONVERSION = YES;
				CLANG_WARN_INT_CONVERSION = YES;
				CLANG_WARN_OBJC_ROOT_CLASS = YES_ERROR;
				CLANG_WARN_UNREACHABLE_CODE = YES;
				CLANG_WARN__DUPLICATE_METHOD_MATCH = YES;
				"CODE_SIGN_IDENTITY[sdk=iphoneos*]" = "iPhone Developer";
				COPY_PHASE_STRIP = NO;
				ENABLE_NS_ASSERTIONS = NO;
				ENABLE_STRICT_OBJC_MSGSEND = YES;
				GCC_C_LANGUAGE_STANDARD = gnu99;
				GCC_WARN_64_TO_32_BIT_CONVERSION = YES;
				GCC_WARN_ABOUT_RETURN_TYPE = YES_ERROR;
				GCC_WARN_UNDECLARED_SELECTOR = YES;
				GCC_WARN_UNINITIALIZED_AUTOS = YES_AGGRESSIVE;
				GCC_WARN_UNUSED_FUNCTION = YES;
				GCC_WARN_UNUSED_VARIABLE = YES;
				IPHONEOS_DEPLOYMENT_TARGET = 8.2;
				MTL_ENABLE_DEBUG_INFO = NO;
				SDKROOT = iphoneos;
				VALIDATE_PRODUCT = YES;
			};
			name = Release;
		};
		76560B761ABCDDDF009C6BFB /* Debug */ = {
			isa = XCBuildConfiguration;
			buildSettings = {
				ASSETCATALOG_COMPILER_APPICON_NAME = AppIcon;
				CODE_SIGN_IDENTITY = "iPhone Developer";
				"CODE_SIGN_IDENTITY[sdk=iphoneos*]" = "iPhone Developer";
				INFOPLIST_FILE = "Pitch Perfect/Info.plist";
				LD_RUNPATH_SEARCH_PATHS = "$(inherited) @executable_path/Frameworks";
				PRODUCT_NAME = "$(TARGET_NAME)";
				PROVISIONING_PROFILE = "";
			};
			name = Debug;
		};
		76560B771ABCDDDF009C6BFB /* Release */ = {
			isa = XCBuildConfiguration;
			buildSettings = {
				ASSETCATALOG_COMPILER_APPICON_NAME = AppIcon;
				CODE_SIGN_IDENTITY = "iPhone Developer";
				"CODE_SIGN_IDENTITY[sdk=iphoneos*]" = "iPhone Developer";
				INFOPLIST_FILE = "Pitch Perfect/Info.plist";
				LD_RUNPATH_SEARCH_PATHS = "$(inherited) @executable_path/Frameworks";
				PRODUCT_NAME = "$(TARGET_NAME)";
				PROVISIONING_PROFILE = "";
			};
			name = Release;
		};
		76560B791ABCDDDF009C6BFB /* Debug */ = {
			isa = XCBuildConfiguration;
			buildSettings = {
				BUNDLE_LOADER = "$(TEST_HOST)";
				FRAMEWORK_SEARCH_PATHS = (
					"$(SDKROOT)/Developer/Library/Frameworks",
					"$(inherited)",
				);
				GCC_PREPROCESSOR_DEFINITIONS = (
					"DEBUG=1",
					"$(inherited)",
				);
				INFOPLIST_FILE = "Pitch PerfectTests/Info.plist";
				LD_RUNPATH_SEARCH_PATHS = "$(inherited) @executable_path/Frameworks @loader_path/Frameworks";
				PRODUCT_NAME = "$(TARGET_NAME)";
				TEST_HOST = "$(BUILT_PRODUCTS_DIR)/Pitch Perfect.app/Pitch Perfect";
			};
			name = Debug;
		};
		76560B7A1ABCDDDF009C6BFB /* Release */ = {
			isa = XCBuildConfiguration;
			buildSettings = {
				BUNDLE_LOADER = "$(TEST_HOST)";
				FRAMEWORK_SEARCH_PATHS = (
					"$(SDKROOT)/Developer/Library/Frameworks",
					"$(inherited)",
				);
				INFOPLIST_FILE = "Pitch PerfectTests/Info.plist";
				LD_RUNPATH_SEARCH_PATHS = "$(inherited) @executable_path/Frameworks @loader_path/Frameworks";
				PRODUCT_NAME = "$(TARGET_NAME)";
				TEST_HOST = "$(BUILT_PRODUCTS_DIR)/Pitch Perfect.app/Pitch Perfect";
			};
			name = Release;
		};
/* End XCBuildConfiguration section */

/* Begin XCConfigurationList section */
		76560B511ABCDDDF009C6BFB /* Build configuration list for PBXProject "Pitch Perfect" */ = {
			isa = XCConfigurationList;
			buildConfigurations = (
				76560B731ABCDDDF009C6BFB /* Debug */,
				76560B741ABCDDDF009C6BFB /* Release */,
			);
			defaultConfigurationIsVisible = 0;
			defaultConfigurationName = Release;
		};
		76560B751ABCDDDF009C6BFB /* Build configuration list for PBXNativeTarget "Pitch Perfect" */ = {
			isa = XCConfigurationList;
			buildConfigurations = (
				76560B761ABCDDDF009C6BFB /* Debug */,
				76560B771ABCDDDF009C6BFB /* Release */,
			);
			defaultConfigurationIsVisible = 0;
			defaultConfigurationName = Release;
		};
		76560B781ABCDDDF009C6BFB /* Build configuration list for PBXNativeTarget "Pitch PerfectTests" */ = {
			isa = XCConfigurationList;
			buildConfigurations = (
				76560B791ABCDDDF009C6BFB /* Debug */,
				76560B7A1ABCDDDF009C6BFB /* Release */,
			);
			defaultConfigurationIsVisible = 0;
			defaultConfigurationName = Release;
		};
/* End XCConfigurationList section */
	};
	rootObject = 76560B4E1ABCDDDF009C6BFB /* Project object */;
}
